
Microsoft Visual Studio Solution File, Format Version 12.00
# Visual Studio 2015
Project("{FAE04EC0-301F-11D3-BF4B-00C04F79EFBC}") = "一井結合.CSharp", "一井結合.CSharp.csproj", "{1AE5A669-9594-496B-B0C6-C79916B17C6C}"
EndProject
Global
	GlobalSection(SolutionConfigurationPlatforms) = preSolution
		Debug|Any CPU = Debug|Any CPU
		Release|Any CPU = Release|Any CPU
	EndGlobalSection
	GlobalSection(ProjectConfigurationPlatforms) = postSolution
		{1AE5A669-9594-496B-B0C6-C79916B17C6C}.Debug|Any CPU.ActiveCfg = Debug|Any CPU
		{1AE5A669-9594-496B-B0C6-C79916B17C6C}.Debug|Any CPU.Build.0 = Debug|Any CPU
		{1AE5A669-9594-496B-B0C6-C79916B17C6C}.Release|Any CPU.ActiveCfg = Release|Any CPU
		{1AE5A669-9594-496B-B0C6-C79916B17C6C}.Release|Any CPU.Build.0 = Release|Any CPU
	EndGlobalSection
	GlobalSection(SolutionProperties) = preSolution
		HideSolutionNode = FALSE
	EndGlobalSection
EndGlobal
