
Microsoft Visual Studio Solution File, Format Version 12.00
# Visual Studio 2013
Project("{FAE04EC0-301F-11D3-BF4B-00C04F79EFBC}") = "RTS3.CSharp", "RTS3.CSharp.csproj", "{24E94AE0-D5C5-98C8-CD73-410C2E8A92CA}"
EndProject
Global
	GlobalSection(SolutionConfigurationPlatforms) = preSolution
		Debug|Any CPU = Debug|Any CPU
		Release|Any CPU = Release|Any CPU
	EndGlobalSection
	GlobalSection(ProjectConfigurationPlatforms) = postSolution
		{24E94AE0-D5C5-98C8-CD73-410C2E8A92CA}.Debug|Any CPU.ActiveCfg = Debug|Any CPU
		{24E94AE0-D5C5-98C8-CD73-410C2E8A92CA}.Debug|Any CPU.Build.0 = Debug|Any CPU
		{24E94AE0-D5C5-98C8-CD73-410C2E8A92CA}.Release|Any CPU.ActiveCfg = Release|Any CPU
		{24E94AE0-D5C5-98C8-CD73-410C2E8A92CA}.Release|Any CPU.Build.0 = Release|Any CPU
	EndGlobalSection
	GlobalSection(SolutionProperties) = preSolution
		HideSolutionNode = FALSE
	EndGlobalSection
EndGlobal
