
Microsoft Visual Studio Solution File, Format Version 11.00
# Visual Studio 2010
Project("{FAE04EC0-301F-11D3-BF4B-00C04F79EFBC}") = "RTS3", "Assembly-CSharp.csproj", "{23AFA169-4D05-2832-5CA5-053586800352}"
EndProject
Global
	GlobalSection(SolutionConfigurationPlatforms) = preSolution
		Debug|Any CPU = Debug|Any CPU
		Release|Any CPU = Release|Any CPU
	EndGlobalSection
	GlobalSection(ProjectConfigurationPlatforms) = postSolution
		{23AFA169-4D05-2832-5CA5-053586800352}.Debug|Any CPU.ActiveCfg = Debug|Any CPU
		{23AFA169-4D05-2832-5CA5-053586800352}.Debug|Any CPU.Build.0 = Debug|Any CPU
		{23AFA169-4D05-2832-5CA5-053586800352}.Release|Any CPU.ActiveCfg = Release|Any CPU
		{23AFA169-4D05-2832-5CA5-053586800352}.Release|Any CPU.Build.0 = Release|Any CPU
	EndGlobalSection
	GlobalSection(SolutionProperties) = preSolution
		HideSolutionNode = FALSE
	EndGlobalSection
	GlobalSection(MonoDevelopProperties) = preSolution
		StartupItem = Assembly-CSharp.csproj
	EndGlobalSection
EndGlobal
