
Microsoft Visual Studio Solution File, Format Version 12.00
# Visual Studio 2015
Project("{FAE04EC0-301F-11D3-BF4B-00C04F79EFBC}") = "結合.CSharp", "結合.CSharp.csproj", "{02FDA05D-753E-3C6D-ACDB-192E0BF7B24B}"
EndProject
Global
	GlobalSection(SolutionConfigurationPlatforms) = preSolution
		Debug|Any CPU = Debug|Any CPU
		Release|Any CPU = Release|Any CPU
	EndGlobalSection
	GlobalSection(ProjectConfigurationPlatforms) = postSolution
		{02FDA05D-753E-3C6D-ACDB-192E0BF7B24B}.Debug|Any CPU.ActiveCfg = Debug|Any CPU
		{02FDA05D-753E-3C6D-ACDB-192E0BF7B24B}.Debug|Any CPU.Build.0 = Debug|Any CPU
		{02FDA05D-753E-3C6D-ACDB-192E0BF7B24B}.Release|Any CPU.ActiveCfg = Release|Any CPU
		{02FDA05D-753E-3C6D-ACDB-192E0BF7B24B}.Release|Any CPU.Build.0 = Release|Any CPU
	EndGlobalSection
	GlobalSection(SolutionProperties) = preSolution
		HideSolutionNode = FALSE
	EndGlobalSection
EndGlobal
